
Microsoft Visual Studio Solution File, Format Version 12.00
# Visual Studio 15
VisualStudioVersion = 15.0.27703.2042
MinimumVisualStudioVersion = 10.0.40219.1
Project("{FAE04EC0-301F-11D3-BF4B-00C04F79EFBC}") = "Select10by10", "Select10by10.csproj", "{15FD3A5F-9E31-4714-9F99-AF03156D7C73}"
EndProject
Global
	GlobalSection(SolutionConfigurationPlatforms) = preSolution
		Debug|Any CPU = Debug|Any CPU
		Release|Any CPU = Release|Any CPU
	EndGlobalSection
	GlobalSection(ProjectConfigurationPlatforms) = postSolution
		{15FD3A5F-9E31-4714-9F99-AF03156D7C73}.Debug|Any CPU.ActiveCfg = Debug|Any CPU
		{15FD3A5F-9E31-4714-9F99-AF03156D7C73}.Debug|Any CPU.Build.0 = Debug|Any CPU
		{15FD3A5F-9E31-4714-9F99-AF03156D7C73}.Release|Any CPU.ActiveCfg = Release|Any CPU
		{15FD3A5F-9E31-4714-9F99-AF03156D7C73}.Release|Any CPU.Build.0 = Release|Any CPU
	EndGlobalSection
	GlobalSection(SolutionProperties) = preSolution
		HideSolutionNode = FALSE
	EndGlobalSection
	GlobalSection(ExtensibilityGlobals) = postSolution
		SolutionGuid = {B0C79A5C-9D71-4EDB-8838-9D6A8E94B18F}
	EndGlobalSection
EndGlobal
